Microsoft Visual Studio Solution File, Format Version 12.00
# Visual Studio Version 17
VisualStudioVersion = 17.5.2.0
MinimumVisualStudioVersion = 10.0.40219.1
Project("{FAE04EC0-301F-11D3-BF4B-00C04F79EFBC}") = "Conference-Booking-Room-Domain", "Conference-Booking-Room-Domain.csproj", "{B882CD47-A01B-2A67-A738-A39E8558D6E7}"
EndProject
Global
	GlobalSection(SolutionConfigurationPlatforms) = preSolution
		Debug|Any CPU = Debug|Any CPU
		Release|Any CPU = Release|Any CPU
	EndGlobalSection
	GlobalSection(ProjectConfigurationPlatforms) = postSolution
		{B882CD47-A01B-2A67-A738-A39E8558D6E7}.Debug|Any CPU.ActiveCfg = Debug|Any CPU
		{B882CD47-A01B-2A67-A738-A39E8558D6E7}.Debug|Any CPU.Build.0 = Debug|Any CPU
		{B882CD47-A01B-2A67-A738-A39E8558D6E7}.Release|Any CPU.ActiveCfg = Release|Any CPU
		{B882CD47-A01B-2A67-A738-A39E8558D6E7}.Release|Any CPU.Build.0 = Release|Any CPU
	EndGlobalSection
	GlobalSection(SolutionProperties) = preSolution
		HideSolutionNode = FALSE
	EndGlobalSection
	GlobalSection(ExtensibilityGlobals) = postSolution
		SolutionGuid = {D4742892-52FA-456D-8CA7-9200380ED6AF}
	EndGlobalSection
EndGlobal
